{
  "name": "teste-pacotes",
  "version": "1.0.0",
  "lockfileVersion": 2,
  "requires": true,
  "packages": {
    "": {
      "name": "teste-pacotes",
      "version": "1.0.0",
      "license": "ISC",
      "dependencies": {
        "pacote-matematico": "file:../Pacote Matematico"
      }
    },
    "../Pacote Matematico": {
      "version": "1.0.0",
      "license": "ISC"
    },
    "node_modules/pacote-matematico": {
      "resolved": "../Pacote Matematico",
      "link": true
    }
  },
  "dependencies": {
    "pacote-matematico": {
      "version": "file:../Pacote Matematico"
    }
  }
}
